// !$*UTF8*$!
{
	archiveVersion = 1;
	classes = {
	};
	objectVersion = 56;
	objects = {

/* Begin PBXBuildFile section */
		D2138E1929A2434500039FEA /* AccountSummaryCell.swift in Sources */ = {isa = PBXBuildFile; fileRef = D2138E1829A2434500039FEA /* AccountSummaryCell.swift */; };
		D227098529A2122600D434B6 /* AccountSummaryHeaderView.swift in Sources */ = {isa = PBXBuildFile; fileRef = D227098429A2122600D434B6 /* AccountSummaryHeaderView.swift */; };
		D227098729A2125300D434B6 /* AccountSummaryHeaderView.xib in Resources */ = {isa = PBXBuildFile; fileRef = D227098629A2125300D434B6 /* AccountSummaryHeaderView.xib */; };
		D23AC90F298A1008002A5A67 /* OnboardingViewController.swift in Sources */ = {isa = PBXBuildFile; fileRef = D23AC90E298A1008002A5A67 /* OnboardingViewController.swift */; };
		D25D7D8929935C5600C7CDEF /* DummyViewController.swift in Sources */ = {isa = PBXBuildFile; fileRef = D25D7D8829935C5600C7CDEF /* DummyViewController.swift */; };
		D265FF6A29A20F1D00BBEE19 /* AccountSummaryViewController.swift in Sources */ = {isa = PBXBuildFile; fileRef = D265FF6929A20F1D00BBEE19 /* AccountSummaryViewController.swift */; };
		D28C8F012989DA1D0042DD5C /* OnboardingContainerViewController.swift in Sources */ = {isa = PBXBuildFile; fileRef = D28C8F002989DA1D0042DD5C /* OnboardingContainerViewController.swift */; };
		D29E2DFE299360FF009B9673 /* LocalState.swift in Sources */ = {isa = PBXBuildFile; fileRef = D29E2DFD299360FF009B9673 /* LocalState.swift */; };
		D2A1959C2922D72300BF7045 /* AppDelegate.swift in Sources */ = {isa = PBXBuildFile; fileRef = D2A1959B2922D72300BF7045 /* AppDelegate.swift */; };
		D2A195A02922D72300BF7045 /* LoginViewController.swift in Sources */ = {isa = PBXBuildFile; fileRef = D2A1959F2922D72300BF7045 /* LoginViewController.swift */; };
		D2A195A52922D72400BF7045 /* Assets.xcassets in Resources */ = {isa = PBXBuildFile; fileRef = D2A195A42922D72400BF7045 /* Assets.xcassets */; };
		D2A195A82922D72400BF7045 /* LaunchScreen.storyboard in Resources */ = {isa = PBXBuildFile; fileRef = D2A195A62922D72400BF7045 /* LaunchScreen.storyboard */; };
		D2A195B22922D9D200BF7045 /* LoginView.swift in Sources */ = {isa = PBXBuildFile; fileRef = D2A195B12922D9D200BF7045 /* LoginView.swift */; };
		D2D0CEE9299C89AE0024B371 /* UIViewController+Utils.swift in Sources */ = {isa = PBXBuildFile; fileRef = D2D0CEE8299C89AE0024B371 /* UIViewController+Utils.swift */; };
		D2D0CEEB299C8ABF0024B371 /* MainViewController.swift in Sources */ = {isa = PBXBuildFile; fileRef = D2D0CEEA299C8ABF0024B371 /* MainViewController.swift */; };
/* End PBXBuildFile section */

/* Begin PBXFileReference section */
		D2138E1829A2434500039FEA /* AccountSummaryCell.swift */ = {isa = PBXFileReference; lastKnownFileType = sourcecode.swift; path = AccountSummaryCell.swift; sourceTree = "<group>"; };
		D227098429A2122600D434B6 /* AccountSummaryHeaderView.swift */ = {isa = PBXFileReference; lastKnownFileType = sourcecode.swift; path = AccountSummaryHeaderView.swift; sourceTree = "<group>"; };
		D227098629A2125300D434B6 /* AccountSummaryHeaderView.xib */ = {isa = PBXFileReference; lastKnownFileType = file.xib; path = AccountSummaryHeaderView.xib; sourceTree = "<group>"; };
		D23AC90E298A1008002A5A67 /* OnboardingViewController.swift */ = {isa = PBXFileReference; lastKnownFileType = sourcecode.swift; path = OnboardingViewController.swift; sourceTree = "<group>"; };
		D25D7D8829935C5600C7CDEF /* DummyViewController.swift */ = {isa = PBXFileReference; lastKnownFileType = sourcecode.swift; path = DummyViewController.swift; sourceTree = "<group>"; };
		D265FF6929A20F1D00BBEE19 /* AccountSummaryViewController.swift */ = {isa = PBXFileReference; lastKnownFileType = sourcecode.swift; path = AccountSummaryViewController.swift; sourceTree = "<group>"; };
		D28C8F002989DA1D0042DD5C /* OnboardingContainerViewController.swift */ = {isa = PBXFileReference; lastKnownFileType = sourcecode.swift; path = OnboardingContainerViewController.swift; sourceTree = "<group>"; };
		D29E2DFD299360FF009B9673 /* LocalState.swift */ = {isa = PBXFileReference; lastKnownFileType = sourcecode.swift; path = LocalState.swift; sourceTree = "<group>"; };
		D2A195982922D72300BF7045 /* Bankey.app */ = {isa = PBXFileReference; explicitFileType = wrapper.application; includeInIndex = 0; path = Bankey.app; sourceTree = BUILT_PRODUCTS_DIR; };
		D2A1959B2922D72300BF7045 /* AppDelegate.swift */ = {isa = PBXFileReference; lastKnownFileType = sourcecode.swift; path = AppDelegate.swift; sourceTree = "<group>"; };
		D2A1959F2922D72300BF7045 /* LoginViewController.swift */ = {isa = PBXFileReference; lastKnownFileType = sourcecode.swift; path = LoginViewController.swift; sourceTree = "<group>"; };
		D2A195A42922D72400BF7045 /* Assets.xcassets */ = {isa = PBXFileReference; lastKnownFileType = folder.assetcatalog; path = Assets.xcassets; sourceTree = "<group>"; };
		D2A195A72922D72400BF7045 /* Base */ = {isa = PBXFileReference; lastKnownFileType = file.storyboard; name = Base; path = Base.lproj/LaunchScreen.storyboard; sourceTree = "<group>"; };
		D2A195A92922D72400BF7045 /* Info.plist */ = {isa = PBXFileReference; lastKnownFileType = text.plist.xml; path = Info.plist; sourceTree = "<group>"; };
		D2A195B12922D9D200BF7045 /* LoginView.swift */ = {isa = PBXFileReference; lastKnownFileType = sourcecode.swift; path = LoginView.swift; sourceTree = "<group>"; };
		D2D0CEE8299C89AE0024B371 /* UIViewController+Utils.swift */ = {isa = PBXFileReference; lastKnownFileType = sourcecode.swift; path = "UIViewController+Utils.swift"; sourceTree = "<group>"; };
		D2D0CEEA299C8ABF0024B371 /* MainViewController.swift */ = {isa = PBXFileReference; lastKnownFileType = sourcecode.swift; path = MainViewController.swift; sourceTree = "<group>"; };
/* End PBXFileReference section */

/* Begin PBXFrameworksBuildPhase section */
		D2A195952922D72300BF7045 /* Frameworks */ = {
			isa = PBXFrameworksBuildPhase;
			buildActionMask = 2147483647;
			files = (
			);
			runOnlyForDeploymentPostprocessing = 0;
		};
/* End PBXFrameworksBuildPhase section */

/* Begin PBXGroup section */
		D2138E1629A242EB00039FEA /* Header */ = {
			isa = PBXGroup;
			children = (
				D227098429A2122600D434B6 /* AccountSummaryHeaderView.swift */,
				D227098629A2125300D434B6 /* AccountSummaryHeaderView.xib */,
			);
			path = Header;
			sourceTree = "<group>";
		};
		D2138E1729A2430900039FEA /* Cells */ = {
			isa = PBXGroup;
			children = (
				D2138E1829A2434500039FEA /* AccountSummaryCell.swift */,
			);
			path = Cells;
			sourceTree = "<group>";
		};
		D25D7D8A299360C900C7CDEF /* Utils */ = {
			isa = PBXGroup;
			children = (
				D29E2DFD299360FF009B9673 /* LocalState.swift */,
				D2D0CEE8299C89AE0024B371 /* UIViewController+Utils.swift */,
			);
			path = Utils;
			sourceTree = "<group>";
		};
		D265FF6829A20EF000BBEE19 /* AccountSummary */ = {
			isa = PBXGroup;
			children = (
				D2138E1729A2430900039FEA /* Cells */,
				D2138E1629A242EB00039FEA /* Header */,
				D265FF6929A20F1D00BBEE19 /* AccountSummaryViewController.swift */,
			);
			path = AccountSummary;
			sourceTree = "<group>";
		};
		D28C8EFF2989D9F30042DD5C /* Onboarding */ = {
			isa = PBXGroup;
			children = (
				D28C8F002989DA1D0042DD5C /* OnboardingContainerViewController.swift */,
				D23AC90E298A1008002A5A67 /* OnboardingViewController.swift */,
			);
			path = Onboarding;
			sourceTree = "<group>";
		};
		D2A1958F2922D72300BF7045 = {
			isa = PBXGroup;
			children = (
				D2A1959A2922D72300BF7045 /* Bankey */,
				D2A195992922D72300BF7045 /* Products */,
			);
			sourceTree = "<group>";
		};
		D2A195992922D72300BF7045 /* Products */ = {
			isa = PBXGroup;
			children = (
				D2A195982922D72300BF7045 /* Bankey.app */,
			);
			name = Products;
			sourceTree = "<group>";
		};
		D2A1959A2922D72300BF7045 /* Bankey */ = {
			isa = PBXGroup;
			children = (
				D2A1959B2922D72300BF7045 /* AppDelegate.swift */,
				D2D0CEEA299C8ABF0024B371 /* MainViewController.swift */,
				D2A195B02922D9B100BF7045 /* Login */,
				D28C8EFF2989D9F30042DD5C /* Onboarding */,
				D265FF6829A20EF000BBEE19 /* AccountSummary */,
				D25D7D8A299360C900C7CDEF /* Utils */,
				D2A195AF2922D96300BF7045 /* Files */,
			);
			path = Bankey;
			sourceTree = "<group>";
		};
		D2A195AF2922D96300BF7045 /* Files */ = {
			isa = PBXGroup;
			children = (
				D2A195A42922D72400BF7045 /* Assets.xcassets */,
				D2A195A62922D72400BF7045 /* LaunchScreen.storyboard */,
				D2A195A92922D72400BF7045 /* Info.plist */,
			);
			name = Files;
			sourceTree = "<group>";
		};
		D2A195B02922D9B100BF7045 /* Login */ = {
			isa = PBXGroup;
			children = (
				D2A1959F2922D72300BF7045 /* LoginViewController.swift */,
				D2A195B12922D9D200BF7045 /* LoginView.swift */,
				D25D7D8829935C5600C7CDEF /* DummyViewController.swift */,
			);
			path = Login;
			sourceTree = "<group>";
		};
/* End PBXGroup section */

/* Begin PBXNativeTarget section */
		D2A195972922D72300BF7045 /* Bankey */ = {
			isa = PBXNativeTarget;
			buildConfigurationList = D2A195AC2922D72400BF7045 /* Build configuration list for PBXNativeTarget "Bankey" */;
			buildPhases = (
				D2A195942922D72300BF7045 /* Sources */,
				D2A195952922D72300BF7045 /* Frameworks */,
				D2A195962922D72300BF7045 /* Resources */,
			);
			buildRules = (
			);
			dependencies = (
			);
			name = Bankey;
			productName = Bankey;
			productReference = D2A195982922D72300BF7045 /* Bankey.app */;
			productType = "com.apple.product-type.application";
		};
/* End PBXNativeTarget section */

/* Begin PBXProject section */
		D2A195902922D72300BF7045 /* Project object */ = {
			isa = PBXProject;
			attributes = {
				BuildIndependentTargetsInParallel = 1;
				LastSwiftUpdateCheck = 1410;
				LastUpgradeCheck = 1410;
				TargetAttributes = {
					D2A195972922D72300BF7045 = {
						CreatedOnToolsVersion = 14.1;
					};
				};
			};
			buildConfigurationList = D2A195932922D72300BF7045 /* Build configuration list for PBXProject "Bankey" */;
			compatibilityVersion = "Xcode 14.0";
			developmentRegion = en;
			hasScannedForEncodings = 0;
			knownRegions = (
				en,
				Base,
			);
			mainGroup = D2A1958F2922D72300BF7045;
			productRefGroup = D2A195992922D72300BF7045 /* Products */;
			projectDirPath = "";
			projectRoot = "";
			targets = (
				D2A195972922D72300BF7045 /* Bankey */,
			);
		};
/* End PBXProject section */

/* Begin PBXResourcesBuildPhase section */
		D2A195962922D72300BF7045 /* Resources */ = {
			isa = PBXResourcesBuildPhase;
			buildActionMask = 2147483647;
			files = (
				D227098729A2125300D434B6 /* AccountSummaryHeaderView.xib in Resources */,
				D2A195A82922D72400BF7045 /* LaunchScreen.storyboard in Resources */,
				D2A195A52922D72400BF7045 /* Assets.xcassets in Resources */,
			);
			runOnlyForDeploymentPostprocessing = 0;
		};
/* End PBXResourcesBuildPhase section */

/* Begin PBXSourcesBuildPhase section */
		D2A195942922D72300BF7045 /* Sources */ = {
			isa = PBXSourcesBuildPhase;
			buildActionMask = 2147483647;
			files = (
				D2D0CEE9299C89AE0024B371 /* UIViewController+Utils.swift in Sources */,
				D2A195B22922D9D200BF7045 /* LoginView.swift in Sources */,
				D29E2DFE299360FF009B9673 /* LocalState.swift in Sources */,
				D227098529A2122600D434B6 /* AccountSummaryHeaderView.swift in Sources */,
				D25D7D8929935C5600C7CDEF /* DummyViewController.swift in Sources */,
				D2A195A02922D72300BF7045 /* LoginViewController.swift in Sources */,
				D2138E1929A2434500039FEA /* AccountSummaryCell.swift in Sources */,
				D23AC90F298A1008002A5A67 /* OnboardingViewController.swift in Sources */,
				D2D0CEEB299C8ABF0024B371 /* MainViewController.swift in Sources */,
				D265FF6A29A20F1D00BBEE19 /* AccountSummaryViewController.swift in Sources */,
				D2A1959C2922D72300BF7045 /* AppDelegate.swift in Sources */,
				D28C8F012989DA1D0042DD5C /* OnboardingContainerViewController.swift in Sources */,
			);
			runOnlyForDeploymentPostprocessing = 0;
		};
/* End PBXSourcesBuildPhase section */

/* Begin PBXVariantGroup section */
		D2A195A62922D72400BF7045 /* LaunchScreen.storyboard */ = {
			isa = PBXVariantGroup;
			children = (
				D2A195A72922D72400BF7045 /* Base */,
			);
			name = LaunchScreen.storyboard;
			sourceTree = "<group>";
		};
/* End PBXVariantGroup section */

/* Begin XCBuildConfiguration section */
		D2A195AA2922D72400BF7045 /* Debug */ = {
			isa = XCBuildConfiguration;
			buildSettings = {
				ALWAYS_SEARCH_USER_PATHS = NO;
				CLANG_ANALYZER_NONNULL = YES;
				CLANG_ANALYZER_NUMBER_OBJECT_CONVERSION = YES_AGGRESSIVE;
				CLANG_CXX_LANGUAGE_STANDARD = "gnu++20";
				CLANG_ENABLE_MODULES = YES;
				CLANG_ENABLE_OBJC_ARC = YES;
				CLANG_ENABLE_OBJC_WEAK = YES;
				CLANG_WARN_BLOCK_CAPTURE_AUTORELEASING = YES;
				CLANG_WARN_BOOL_CONVERSION = YES;
				CLANG_WARN_COMMA = YES;
				CLANG_WARN_CONSTANT_CONVERSION = YES;
				CLANG_WARN_DEPRECATED_OBJC_IMPLEMENTATIONS = YES;
				CLANG_WARN_DIRECT_OBJC_ISA_USAGE = YES_ERROR;
				CLANG_WARN_DOCUMENTATION_COMMENTS = YES;
				CLANG_WARN_EMPTY_BODY = YES;
				CLANG_WARN_ENUM_CONVERSION = YES;
				CLANG_WARN_INFINITE_RECURSION = YES;
				CLANG_WARN_INT_CONVERSION = YES;
				CLANG_WARN_NON_LITERAL_NULL_CONVERSION = YES;
				CLANG_WARN_OBJC_IMPLICIT_RETAIN_SELF = YES;
				CLANG_WARN_OBJC_LITERAL_CONVERSION = YES;
				CLANG_WARN_OBJC_ROOT_CLASS = YES_ERROR;
				CLANG_WARN_QUOTED_INCLUDE_IN_FRAMEWORK_HEADER = YES;
				CLANG_WARN_RANGE_LOOP_ANALYSIS = YES;
				CLANG_WARN_STRICT_PROTOTYPES = YES;
				CLANG_WARN_SUSPICIOUS_MOVE = YES;
				CLANG_WARN_UNGUARDED_AVAILABILITY = YES_AGGRESSIVE;
				CLANG_WARN_UNREACHABLE_CODE = YES;
				CLANG_WARN__DUPLICATE_METHOD_MATCH = YES;
				COPY_PHASE_STRIP = NO;
				DEBUG_INFORMATION_FORMAT = dwarf;
				ENABLE_STRICT_OBJC_MSGSEND = YES;
				ENABLE_TESTABILITY = YES;
				GCC_C_LANGUAGE_STANDARD = gnu11;
				GCC_DYNAMIC_NO_PIC = NO;
				GCC_NO_COMMON_BLOCKS = YES;
				GCC_OPTIMIZATION_LEVEL = 0;
				GCC_PREPROCESSOR_DEFINITIONS = (
					"DEBUG=1",
					"$(inherited)",
				);
				GCC_WARN_64_TO_32_BIT_CONVERSION = YES;
				GCC_WARN_ABOUT_RETURN_TYPE = YES_ERROR;
				GCC_WARN_UNDECLARED_SELECTOR = YES;
				GCC_WARN_UNINITIALIZED_AUTOS = YES_AGGRESSIVE;
				GCC_WARN_UNUSED_FUNCTION = YES;
				GCC_WARN_UNUSED_VARIABLE = YES;
				IPHONEOS_DEPLOYMENT_TARGET = 16.1;
				MTL_ENABLE_DEBUG_INFO = INCLUDE_SOURCE;
				MTL_FAST_MATH = YES;
				ONLY_ACTIVE_ARCH = YES;
				SDKROOT = iphoneos;
				SWIFT_ACTIVE_COMPILATION_CONDITIONS = DEBUG;
				SWIFT_OPTIMIZATION_LEVEL = "-Onone";
			};
			name = Debug;
		};
		D2A195AB2922D72400BF7045 /* Release */ = {
			isa = XCBuildConfiguration;
			buildSettings = {
				ALWAYS_SEARCH_USER_PATHS = NO;
				CLANG_ANALYZER_NONNULL = YES;
				CLANG_ANALYZER_NUMBER_OBJECT_CONVERSION = YES_AGGRESSIVE;
				CLANG_CXX_LANGUAGE_STANDARD = "gnu++20";
				CLANG_ENABLE_MODULES = YES;
				CLANG_ENABLE_OBJC_ARC = YES;
				CLANG_ENABLE_OBJC_WEAK = YES;
				CLANG_WARN_BLOCK_CAPTURE_AUTORELEASING = YES;
				CLANG_WARN_BOOL_CONVERSION = YES;
				CLANG_WARN_COMMA = YES;
				CLANG_WARN_CONSTANT_CONVERSION = YES;
				CLANG_WARN_DEPRECATED_OBJC_IMPLEMENTATIONS = YES;
				CLANG_WARN_DIRECT_OBJC_ISA_USAGE = YES_ERROR;
				CLANG_WARN_DOCUMENTATION_COMMENTS = YES;
				CLANG_WARN_EMPTY_BODY = YES;
				CLANG_WARN_ENUM_CONVERSION = YES;
				CLANG_WARN_INFINITE_RECURSION = YES;
				CLANG_WARN_INT_CONVERSION = YES;
				CLANG_WARN_NON_LITERAL_NULL_CONVERSION = YES;
				CLANG_WARN_OBJC_IMPLICIT_RETAIN_SELF = YES;
				CLANG_WARN_OBJC_LITERAL_CONVERSION = YES;
				CLANG_WARN_OBJC_ROOT_CLASS = YES_ERROR;
				CLANG_WARN_QUOTED_INCLUDE_IN_FRAMEWORK_HEADER = YES;
				CLANG_WARN_RANGE_LOOP_ANALYSIS = YES;
				CLANG_WARN_STRICT_PROTOTYPES = YES;
				CLANG_WARN_SUSPICIOUS_MOVE = YES;
				CLANG_WARN_UNGUARDED_AVAILABILITY = YES_AGGRESSIVE;
				CLANG_WARN_UNREACHABLE_CODE = YES;
				CLANG_WARN__DUPLICATE_METHOD_MATCH = YES;
				COPY_PHASE_STRIP = NO;
				DEBUG_INFORMATION_FORMAT = "dwarf-with-dsym";
				ENABLE_NS_ASSERTIONS = NO;
				ENABLE_STRICT_OBJC_MSGSEND = YES;
				GCC_C_LANGUAGE_STANDARD = gnu11;
				GCC_NO_COMMON_BLOCKS = YES;
				GCC_WARN_64_TO_32_BIT_CONVERSION = YES;
				GCC_WARN_ABOUT_RETURN_TYPE = YES_ERROR;
				GCC_WARN_UNDECLARED_SELECTOR = YES;
				GCC_WARN_UNINITIALIZED_AUTOS = YES_AGGRESSIVE;
				GCC_WARN_UNUSED_FUNCTION = YES;
				GCC_WARN_UNUSED_VARIABLE = YES;
				IPHONEOS_DEPLOYMENT_TARGET = 16.1;
				MTL_ENABLE_DEBUG_INFO = NO;
				MTL_FAST_MATH = YES;
				SDKROOT = iphoneos;
				SWIFT_COMPILATION_MODE = wholemodule;
				SWIFT_OPTIMIZATION_LEVEL = "-O";
				VALIDATE_PRODUCT = YES;
			};
			name = Release;
		};
		D2A195AD2922D72400BF7045 /* Debug */ = {
			isa = XCBuildConfiguration;
			buildSettings = {
				ASSETCATALOG_COMPILER_APPICON_NAME = AppIcon;
				ASSETCATALOG_COMPILER_GLOBAL_ACCENT_COLOR_NAME = AccentColor;
				CODE_SIGN_STYLE = Automatic;
				CURRENT_PROJECT_VERSION = 1;
				GENERATE_INFOPLIST_FILE = YES;
				INFOPLIST_FILE = Bankey/Info.plist;
				INFOPLIST_KEY_UIApplicationSupportsIndirectInputEvents = YES;
				INFOPLIST_KEY_UILaunchStoryboardName = LaunchScreen;
				INFOPLIST_KEY_UISupportedInterfaceOrientations_iPad = "UIInterfaceOrientationPortrait UIInterfaceOrientationPortraitUpsideDown UIInterfaceOrientationLandscapeLeft UIInterfaceOrientationLandscapeRight";
				INFOPLIST_KEY_UISupportedInterfaceOrientations_iPhone = "UIInterfaceOrientationPortrait UIInterfaceOrientationLandscapeLeft UIInterfaceOrientationLandscapeRight";
				LD_RUNPATH_SEARCH_PATHS = (
					"$(inherited)",
					"@executable_path/Frameworks",
				);
				MARKETING_VERSION = 1.0;
				PRODUCT_BUNDLE_IDENTIFIER = com.scott.Bankey;
				PRODUCT_NAME = "$(TARGET_NAME)";
				SWIFT_EMIT_LOC_STRINGS = YES;
				SWIFT_VERSION = 5.0;
				TARGETED_DEVICE_FAMILY = "1,2";
			};
			name = Debug;
		};
		D2A195AE2922D72400BF7045 /* Release */ = {
			isa = XCBuildConfiguration;
			buildSettings = {
				ASSETCATALOG_COMPILER_APPICON_NAME = AppIcon;
				ASSETCATALOG_COMPILER_GLOBAL_ACCENT_COLOR_NAME = AccentColor;
				CODE_SIGN_STYLE = Automatic;
				CURRENT_PROJECT_VERSION = 1;
				GENERATE_INFOPLIST_FILE = YES;
				INFOPLIST_FILE = Bankey/Info.plist;
				INFOPLIST_KEY_UIApplicationSupportsIndirectInputEvents = YES;
				INFOPLIST_KEY_UILaunchStoryboardName = LaunchScreen;
				INFOPLIST_KEY_UISupportedInterfaceOrientations_iPad = "UIInterfaceOrientationPortrait UIInterfaceOrientationPortraitUpsideDown UIInterfaceOrientationLandscapeLeft UIInterfaceOrientationLandscapeRight";
				INFOPLIST_KEY_UISupportedInterfaceOrientations_iPhone = "UIInterfaceOrientationPortrait UIInterfaceOrientationLandscapeLeft UIInterfaceOrientationLandscapeRight";
				LD_RUNPATH_SEARCH_PATHS = (
					"$(inherited)",
					"@executable_path/Frameworks",
				);
				MARKETING_VERSION = 1.0;
				PRODUCT_BUNDLE_IDENTIFIER = com.scott.Bankey;
				PRODUCT_NAME = "$(TARGET_NAME)";
				SWIFT_EMIT_LOC_STRINGS = YES;
				SWIFT_VERSION = 5.0;
				TARGETED_DEVICE_FAMILY = "1,2";
			};
			name = Release;
		};
/* End XCBuildConfiguration section */

/* Begin XCConfigurationList section */
		D2A195932922D72300BF7045 /* Build configuration list for PBXProject "Bankey" */ = {
			isa = XCConfigurationList;
			buildConfigurations = (
				D2A195AA2922D72400BF7045 /* Debug */,
				D2A195AB2922D72400BF7045 /* Release */,
			);
			defaultConfigurationIsVisible = 0;
			defaultConfigurationName = Release;
		};
		D2A195AC2922D72400BF7045 /* Build configuration list for PBXNativeTarget "Bankey" */ = {
			isa = XCConfigurationList;
			buildConfigurations = (
				D2A195AD2922D72400BF7045 /* Debug */,
				D2A195AE2922D72400BF7045 /* Release */,
			);
			defaultConfigurationIsVisible = 0;
			defaultConfigurationName = Release;
		};
/* End XCConfigurationList section */
	};
	rootObject = D2A195902922D72300BF7045 /* Project object */;
}
